
Microsoft Visual Studio Solution File, Format Version 12.00
# Visual Studio Version 16
VisualStudioVersion = 16.0.30711.63
MinimumVisualStudioVersion = 10.0.40219.1
Project("{9A19103F-16F7-4668-BE54-9A1E7A4F7556}") = "ProjetASP.NET", "ProjetASP.NET\ProjetASP.NET.csproj", "{F5201043-C9BB-4252-8835-725EDCF3A30A}"
EndProject
Global
	GlobalSection(SolutionConfigurationPlatforms) = preSolution
		Debug|Any CPU = Debug|Any CPU
		Release|Any CPU = Release|Any CPU
	EndGlobalSection
	GlobalSection(ProjectConfigurationPlatforms) = postSolution
		{F5201043-C9BB-4252-8835-725EDCF3A30A}.Debug|Any CPU.ActiveCfg = Debug|Any CPU
		{F5201043-C9BB-4252-8835-725EDCF3A30A}.Debug|Any CPU.Build.0 = Debug|Any CPU
		{F5201043-C9BB-4252-8835-725EDCF3A30A}.Release|Any CPU.ActiveCfg = Release|Any CPU
		{F5201043-C9BB-4252-8835-725EDCF3A30A}.Release|Any CPU.Build.0 = Release|Any CPU
	EndGlobalSection
	GlobalSection(SolutionProperties) = preSolution
		HideSolutionNode = FALSE
	EndGlobalSection
	GlobalSection(ExtensibilityGlobals) = postSolution
		SolutionGuid = {B021B081-B7C3-4991-B85D-DF2B69744A8B}
	EndGlobalSection
EndGlobal
